
Microsoft Visual Studio Solution File, Format Version 12.00
# Visual Studio 15
VisualStudioVersion = 15.0.27428.2037
MinimumVisualStudioVersion = 10.0.40219.1
Project("{8BC9CEB8-8B4A-11D0-8D11-00A0C91BC942}") = "PhotoFilter", "PhotoFilter\PhotoFilter.vcxproj", "{4123A30C-4BA9-42DD-92C4-BC9BF185B03F}"
EndProject
Global
	GlobalSection(SolutionConfigurationPlatforms) = preSolution
		Debug|x64 = Debug|x64
		Debug|x86 = Debug|x86
		Release|x64 = Release|x64
		Release|x86 = Release|x86
	EndGlobalSection
	GlobalSection(ProjectConfigurationPlatforms) = postSolution
		{4123A30C-4BA9-42DD-92C4-BC9BF185B03F}.Debug|x64.ActiveCfg = Debug|x64
		{4123A30C-4BA9-42DD-92C4-BC9BF185B03F}.Debug|x64.Build.0 = Debug|x64
		{4123A30C-4BA9-42DD-92C4-BC9BF185B03F}.Debug|x86.ActiveCfg = Debug|Win32
		{4123A30C-4BA9-42DD-92C4-BC9BF185B03F}.Debug|x86.Build.0 = Debug|Win32
		{4123A30C-4BA9-42DD-92C4-BC9BF185B03F}.Release|x64.ActiveCfg = Release|x64
		{4123A30C-4BA9-42DD-92C4-BC9BF185B03F}.Release|x64.Build.0 = Release|x64
		{4123A30C-4BA9-42DD-92C4-BC9BF185B03F}.Release|x86.ActiveCfg = Release|Win32
		{4123A30C-4BA9-42DD-92C4-BC9BF185B03F}.Release|x86.Build.0 = Release|Win32
	EndGlobalSection
	GlobalSection(SolutionProperties) = preSolution
		HideSolutionNode = FALSE
	EndGlobalSection
	GlobalSection(ExtensibilityGlobals) = postSolution
		SolutionGuid = {ABAE3D23-05CB-4EC2-B53F-FA3A0BFAF0C2}
	EndGlobalSection
EndGlobal
